// !$*UTF8*$!
{
	archiveVersion = 1;
	classes = {
	};
	objectVersion = 46;
	objects = {

/* Begin PBXBuildFile section */
		97031C141C77AF9F00678712 /* main.m in Sources */ = {isa = PBXBuildFile; fileRef = 97031C131C77AF9F00678712 /* main.m */; };
		97031C171C77AF9F00678712 /* AppDelegate.m in Sources */ = {isa = PBXBuildFile; fileRef = 97031C161C77AF9F00678712 /* AppDelegate.m */; };
		97031C1A1C77AF9F00678712 /* FeedVC.m in Sources */ = {isa = PBXBuildFile; fileRef = 97031C191C77AF9F00678712 /* FeedVC.m */; };
		97031C1D1C77AF9F00678712 /* Main.storyboard in Resources */ = {isa = PBXBuildFile; fileRef = 97031C1B1C77AF9F00678712 /* Main.storyboard */; };
		97031C1F1C77AF9F00678712 /* Assets.xcassets in Resources */ = {isa = PBXBuildFile; fileRef = 97031C1E1C77AF9F00678712 /* Assets.xcassets */; };
		97031C221C77AF9F00678712 /* LaunchScreen.storyboard in Resources */ = {isa = PBXBuildFile; fileRef = 97031C201C77AF9F00678712 /* LaunchScreen.storyboard */; };
		97031C2D1C77AF9F00678712 /* HummingBirdTests.m in Sources */ = {isa = PBXBuildFile; fileRef = 97031C2C1C77AF9F00678712 /* HummingBirdTests.m */; };
		97031C381C77AF9F00678712 /* HummingBirdUITests.m in Sources */ = {isa = PBXBuildFile; fileRef = 97031C371C77AF9F00678712 /* HummingBirdUITests.m */; };
		97031C4A1C77AFEA00678712 /* FMNetworkingClient.m in Sources */ = {isa = PBXBuildFile; fileRef = 97031C471C77AFEA00678712 /* FMNetworkingClient.m */; };
		97031C4B1C77AFEA00678712 /* FMNetworkingErrorMessages.m in Sources */ = {isa = PBXBuildFile; fileRef = 97031C491C77AFEA00678712 /* FMNetworkingErrorMessages.m */; };
		97031C4F1C77B01300678712 /* UIView+FMAutolayout.m in Sources */ = {isa = PBXBuildFile; fileRef = 97031C4E1C77B01300678712 /* UIView+FMAutolayout.m */; };
		97031C621C77D99700678712 /* FMSearchBarTVC.m in Sources */ = {isa = PBXBuildFile; fileRef = 97031C611C77D99600678712 /* FMSearchBarTVC.m */; };
		97031C651C77DB4500678712 /* FMImageCapturing.m in Sources */ = {isa = PBXBuildFile; fileRef = 97031C641C77DB4500678712 /* FMImageCapturing.m */; };
		97031C691C77DB7100678712 /* UIImage+ImageEffects.m in Sources */ = {isa = PBXBuildFile; fileRef = 97031C681C77DB7100678712 /* UIImage+ImageEffects.m */; };
		97031C6D1C78D97700678712 /* AnimeSearchVC.m in Sources */ = {isa = PBXBuildFile; fileRef = 97031C6C1C78D97700678712 /* AnimeSearchVC.m */; };
		97031C771C78E7B000678712 /* UIViewController+Loading.m in Sources */ = {isa = PBXBuildFile; fileRef = 97031C761C78E7B000678712 /* UIViewController+Loading.m */; };
		97031C7B1C78F10400678712 /* FMSearchTVC.m in Sources */ = {isa = PBXBuildFile; fileRef = 97031C7A1C78F10400678712 /* FMSearchTVC.m */; };
		97031C811C78F81F00678712 /* FMEmptyResultsView.m in Sources */ = {isa = PBXBuildFile; fileRef = 97031C801C78F81F00678712 /* FMEmptyResultsView.m */; };
		97031C871C78FE5800678712 /* NetworkingCallsHelper.m in Sources */ = {isa = PBXBuildFile; fileRef = 97031C861C78FE5800678712 /* NetworkingCallsHelper.m */; };
		97031C8A1C796C5100678712 /* CoreDataStack.m in Sources */ = {isa = PBXBuildFile; fileRef = 97031C891C796C5100678712 /* CoreDataStack.m */; };
		97031C931C7974A900678712 /* Model.xcdatamodeld in Sources */ = {isa = PBXBuildFile; fileRef = 97031C911C7974A900678712 /* Model.xcdatamodeld */; };
		97031C981C797FC400678712 /* Anime+CoreDataProperties.m in Sources */ = {isa = PBXBuildFile; fileRef = 97031C951C797FC400678712 /* Anime+CoreDataProperties.m */; };
		97031C991C797FC400678712 /* Anime.m in Sources */ = {isa = PBXBuildFile; fileRef = 97031C971C797FC400678712 /* Anime.m */; };
		97031C9D1C7A33A900678712 /* NSDictionary+NullObjects.m in Sources */ = {isa = PBXBuildFile; fileRef = 97031C9C1C7A33A900678712 /* NSDictionary+NullObjects.m */; };
		97031CA01C7A354F00678712 /* FMDateFormatter.m in Sources */ = {isa = PBXBuildFile; fileRef = 97031C9F1C7A354F00678712 /* FMDateFormatter.m */; };
		97031CA41C7A3E8900678712 /* AnimeTVCell.m in Sources */ = {isa = PBXBuildFile; fileRef = 97031CA31C7A3E8900678712 /* AnimeTVCell.m */; };
		97031CA61C7A3EBC00678712 /* AnimeTVCell.xib in Resources */ = {isa = PBXBuildFile; fileRef = 97031CA51C7A3EBC00678712 /* AnimeTVCell.xib */; };
		97031CAA1C7AE27200678712 /* UIImageView+ImageDownload.m in Sources */ = {isa = PBXBuildFile; fileRef = 97031CA91C7AE27200678712 /* UIImageView+ImageDownload.m */; };
		978AA39D1C7B783A007334F3 /* AnimeDetailsVC.m in Sources */ = {isa = PBXBuildFile; fileRef = 978AA39C1C7B783A007334F3 /* AnimeDetailsVC.m */; };
		97F894251C890BEF00F73E9C /* KeychainWrapper.m in Sources */ = {isa = PBXBuildFile; fileRef = 97F894241C890BEF00F73E9C /* KeychainWrapper.m */; };
		97F894321C891AAF00F73E9C /* Story+CoreDataProperties.m in Sources */ = {isa = PBXBuildFile; fileRef = 97F894271C891AAF00F73E9C /* Story+CoreDataProperties.m */; };
		97F894331C891AAF00F73E9C /* Story.m in Sources */ = {isa = PBXBuildFile; fileRef = 97F894291C891AAF00F73E9C /* Story.m */; };
		97F894341C891AAF00F73E9C /* Substory+CoreDataProperties.m in Sources */ = {isa = PBXBuildFile; fileRef = 97F8942B1C891AAF00F73E9C /* Substory+CoreDataProperties.m */; };
		97F894351C891AAF00F73E9C /* Substory.m in Sources */ = {isa = PBXBuildFile; fileRef = 97F8942D1C891AAF00F73E9C /* Substory.m */; };
		97F894361C891AAF00F73E9C /* User+CoreDataProperties.m in Sources */ = {isa = PBXBuildFile; fileRef = 97F8942F1C891AAF00F73E9C /* User+CoreDataProperties.m */; };
		97F894371C891AAF00F73E9C /* User.m in Sources */ = {isa = PBXBuildFile; fileRef = 97F894311C891AAF00F73E9C /* User.m */; };
		97F8943B1C894A6B00F73E9C /* StoryHeaderView.m in Sources */ = {isa = PBXBuildFile; fileRef = 97F8943A1C894A6B00F73E9C /* StoryHeaderView.m */; };
		97F8943D1C894A7D00F73E9C /* StoryHeaderView.xib in Resources */ = {isa = PBXBuildFile; fileRef = 97F8943C1C894A7D00F73E9C /* StoryHeaderView.xib */; };
/* End PBXBuildFile section */

/* Begin PBXContainerItemProxy section */
		97031C291C77AF9F00678712 /* PBXContainerItemProxy */ = {
			isa = PBXContainerItemProxy;
			containerPortal = 97031C071C77AF9F00678712 /* Project object */;
			proxyType = 1;
			remoteGlobalIDString = 97031C0E1C77AF9F00678712;
			remoteInfo = HummingBird;
		};
		97031C341C77AF9F00678712 /* PBXContainerItemProxy */ = {
			isa = PBXContainerItemProxy;
			containerPortal = 97031C071C77AF9F00678712 /* Project object */;
			proxyType = 1;
			remoteGlobalIDString = 97031C0E1C77AF9F00678712;
			remoteInfo = HummingBird;
		};
/* End PBXContainerItemProxy section */

/* Begin PBXFileReference section */
		97031C0F1C77AF9F00678712 /* HummingBird.app */ = {isa = PBXFileReference; explicitFileType = wrapper.application; includeInIndex = 0; path = HummingBird.app; sourceTree = BUILT_PRODUCTS_DIR; };
		97031C131C77AF9F00678712 /* main.m */ = {isa = PBXFileReference; lastKnownFileType = sourcecode.c.objc; path = main.m; sourceTree = "<group>"; };
		97031C151C77AF9F00678712 /* AppDelegate.h */ = {isa = PBXFileReference; lastKnownFileType = sourcecode.c.h; path = AppDelegate.h; sourceTree = "<group>"; };
		97031C161C77AF9F00678712 /* AppDelegate.m */ = {isa = PBXFileReference; lastKnownFileType = sourcecode.c.objc; path = AppDelegate.m; sourceTree = "<group>"; };
		97031C181C77AF9F00678712 /* FeedVC.h */ = {isa = PBXFileReference; lastKnownFileType = sourcecode.c.h; path = FeedVC.h; sourceTree = "<group>"; };
		97031C191C77AF9F00678712 /* FeedVC.m */ = {isa = PBXFileReference; lastKnownFileType = sourcecode.c.objc; path = FeedVC.m; sourceTree = "<group>"; };
		97031C1C1C77AF9F00678712 /* Base */ = {isa = PBXFileReference; lastKnownFileType = file.storyboard; name = Base; path = Base.lproj/Main.storyboard; sourceTree = "<group>"; };
		97031C1E1C77AF9F00678712 /* Assets.xcassets */ = {isa = PBXFileReference; lastKnownFileType = folder.assetcatalog; path = Assets.xcassets; sourceTree = "<group>"; };
		97031C211C77AF9F00678712 /* Base */ = {isa = PBXFileReference; lastKnownFileType = file.storyboard; name = Base; path = Base.lproj/LaunchScreen.storyboard; sourceTree = "<group>"; };
		97031C231C77AF9F00678712 /* Info.plist */ = {isa = PBXFileReference; lastKnownFileType = text.plist.xml; path = Info.plist; sourceTree = "<group>"; };
		97031C281C77AF9F00678712 /* HummingBirdTests.xctest */ = {isa = PBXFileReference; explicitFileType = wrapper.cfbundle; includeInIndex = 0; path = HummingBirdTests.xctest; sourceTree = BUILT_PRODUCTS_DIR; };
		97031C2C1C77AF9F00678712 /* HummingBirdTests.m */ = {isa = PBXFileReference; lastKnownFileType = sourcecode.c.objc; path = HummingBirdTests.m; sourceTree = "<group>"; };
		97031C2E1C77AF9F00678712 /* Info.plist */ = {isa = PBXFileReference; lastKnownFileType = text.plist.xml; path = Info.plist; sourceTree = "<group>"; };
		97031C331C77AF9F00678712 /* HummingBirdUITests.xctest */ = {isa = PBXFileReference; explicitFileType = wrapper.cfbundle; includeInIndex = 0; path = HummingBirdUITests.xctest; sourceTree = BUILT_PRODUCTS_DIR; };
		97031C371C77AF9F00678712 /* HummingBirdUITests.m */ = {isa = PBXFileReference; lastKnownFileType = sourcecode.c.objc; path = HummingBirdUITests.m; sourceTree = "<group>"; };
		97031C391C77AF9F00678712 /* Info.plist */ = {isa = PBXFileReference; lastKnownFileType = text.plist.xml; path = Info.plist; sourceTree = "<group>"; };
		97031C461C77AFEA00678712 /* FMNetworkingClient.h */ = {isa = PBXFileReference; fileEncoding = 4; lastKnownFileType = sourcecode.c.h; path = FMNetworkingClient.h; sourceTree = "<group>"; };
		97031C471C77AFEA00678712 /* FMNetworkingClient.m */ = {isa = PBXFileReference; fileEncoding = 4; lastKnownFileType = sourcecode.c.objc; path = FMNetworkingClient.m; sourceTree = "<group>"; };
		97031C481C77AFEA00678712 /* FMNetworkingErrorMessages.h */ = {isa = PBXFileReference; fileEncoding = 4; lastKnownFileType = sourcecode.c.h; path = FMNetworkingErrorMessages.h; sourceTree = "<group>"; };
		97031C491C77AFEA00678712 /* FMNetworkingErrorMessages.m */ = {isa = PBXFileReference; fileEncoding = 4; lastKnownFileType = sourcecode.c.objc; path = FMNetworkingErrorMessages.m; sourceTree = "<group>"; };
		97031C4D1C77B01300678712 /* UIView+FMAutolayout.h */ = {isa = PBXFileReference; fileEncoding = 4; lastKnownFileType = sourcecode.c.h; path = "UIView+FMAutolayout.h"; sourceTree = "<group>"; };
		97031C4E1C77B01300678712 /* UIView+FMAutolayout.m */ = {isa = PBXFileReference; fileEncoding = 4; lastKnownFileType = sourcecode.c.objc; path = "UIView+FMAutolayout.m"; sourceTree = "<group>"; };
		97031C541C77B5BB00678712 /* Constants.h */ = {isa = PBXFileReference; fileEncoding = 4; lastKnownFileType = sourcecode.c.h; path = Constants.h; sourceTree = "<group>"; };
		97031C601C77D99600678712 /* FMSearchBarTVC.h */ = {isa = PBXFileReference; fileEncoding = 4; lastKnownFileType = sourcecode.c.h; path = FMSearchBarTVC.h; sourceTree = "<group>"; };
		97031C611C77D99600678712 /* FMSearchBarTVC.m */ = {isa = PBXFileReference; fileEncoding = 4; lastKnownFileType = sourcecode.c.objc; path = FMSearchBarTVC.m; sourceTree = "<group>"; };
		97031C631C77DB4500678712 /* FMImageCapturing.h */ = {isa = PBXFileReference; fileEncoding = 4; lastKnownFileType = sourcecode.c.h; path = FMImageCapturing.h; sourceTree = "<group>"; };
		97031C641C77DB4500678712 /* FMImageCapturing.m */ = {isa = PBXFileReference; fileEncoding = 4; lastKnownFileType = sourcecode.c.objc; path = FMImageCapturing.m; sourceTree = "<group>"; };
		97031C671C77DB7100678712 /* UIImage+ImageEffects.h */ = {isa = PBXFileReference; fileEncoding = 4; lastKnownFileType = sourcecode.c.h; path = "UIImage+ImageEffects.h"; sourceTree = "<group>"; };
		97031C681C77DB7100678712 /* UIImage+ImageEffects.m */ = {isa = PBXFileReference; fileEncoding = 4; lastKnownFileType = sourcecode.c.objc; path = "UIImage+ImageEffects.m"; sourceTree = "<group>"; };
		97031C6B1C78D97700678712 /* AnimeSearchVC.h */ = {isa = PBXFileReference; fileEncoding = 4; lastKnownFileType = sourcecode.c.h; path = AnimeSearchVC.h; sourceTree = "<group>"; };
		97031C6C1C78D97700678712 /* AnimeSearchVC.m */ = {isa = PBXFileReference; fileEncoding = 4; lastKnownFileType = sourcecode.c.objc; path = AnimeSearchVC.m; sourceTree = "<group>"; };
		97031C751C78E7B000678712 /* UIViewController+Loading.h */ = {isa = PBXFileReference; fileEncoding = 4; lastKnownFileType = sourcecode.c.h; path = "UIViewController+Loading.h"; sourceTree = "<group>"; };
		97031C761C78E7B000678712 /* UIViewController+Loading.m */ = {isa = PBXFileReference; fileEncoding = 4; lastKnownFileType = sourcecode.c.objc; path = "UIViewController+Loading.m"; sourceTree = "<group>"; };
		97031C791C78F10400678712 /* FMSearchTVC.h */ = {isa = PBXFileReference; fileEncoding = 4; lastKnownFileType = sourcecode.c.h; path = FMSearchTVC.h; sourceTree = "<group>"; };
		97031C7A1C78F10400678712 /* FMSearchTVC.m */ = {isa = PBXFileReference; fileEncoding = 4; lastKnownFileType = sourcecode.c.objc; path = FMSearchTVC.m; sourceTree = "<group>"; };
		97031C7F1C78F81F00678712 /* FMEmptyResultsView.h */ = {isa = PBXFileReference; fileEncoding = 4; lastKnownFileType = sourcecode.c.h; path = FMEmptyResultsView.h; sourceTree = "<group>"; };
		97031C801C78F81F00678712 /* FMEmptyResultsView.m */ = {isa = PBXFileReference; fileEncoding = 4; lastKnownFileType = sourcecode.c.objc; path = FMEmptyResultsView.m; sourceTree = "<group>"; };
		97031C851C78FE5800678712 /* NetworkingCallsHelper.h */ = {isa = PBXFileReference; fileEncoding = 4; lastKnownFileType = sourcecode.c.h; path = NetworkingCallsHelper.h; sourceTree = "<group>"; };
		97031C861C78FE5800678712 /* NetworkingCallsHelper.m */ = {isa = PBXFileReference; fileEncoding = 4; lastKnownFileType = sourcecode.c.objc; path = NetworkingCallsHelper.m; sourceTree = "<group>"; };
		97031C881C796C5100678712 /* CoreDataStack.h */ = {isa = PBXFileReference; fileEncoding = 4; lastKnownFileType = sourcecode.c.h; path = CoreDataStack.h; sourceTree = "<group>"; };
		97031C891C796C5100678712 /* CoreDataStack.m */ = {isa = PBXFileReference; fileEncoding = 4; lastKnownFileType = sourcecode.c.objc; path = CoreDataStack.m; sourceTree = "<group>"; };
		97031C921C7974A900678712 /* Model.xcdatamodel */ = {isa = PBXFileReference; lastKnownFileType = wrapper.xcdatamodel; path = Model.xcdatamodel; sourceTree = "<group>"; };
		97031C941C797FC400678712 /* Anime+CoreDataProperties.h */ = {isa = PBXFileReference; fileEncoding = 4; lastKnownFileType = sourcecode.c.h; path = "Anime+CoreDataProperties.h"; sourceTree = "<group>"; };
		97031C951C797FC400678712 /* Anime+CoreDataProperties.m */ = {isa = PBXFileReference; fileEncoding = 4; lastKnownFileType = sourcecode.c.objc; path = "Anime+CoreDataProperties.m"; sourceTree = "<group>"; };
		97031C961C797FC400678712 /* Anime.h */ = {isa = PBXFileReference; fileEncoding = 4; lastKnownFileType = sourcecode.c.h; path = Anime.h; sourceTree = "<group>"; };
		97031C971C797FC400678712 /* Anime.m */ = {isa = PBXFileReference; fileEncoding = 4; lastKnownFileType = sourcecode.c.objc; path = Anime.m; sourceTree = "<group>"; };
		97031C9B1C7A33A900678712 /* NSDictionary+NullObjects.h */ = {isa = PBXFileReference; fileEncoding = 4; lastKnownFileType = sourcecode.c.h; path = "NSDictionary+NullObjects.h"; sourceTree = "<group>"; };
		97031C9C1C7A33A900678712 /* NSDictionary+NullObjects.m */ = {isa = PBXFileReference; fileEncoding = 4; lastKnownFileType = sourcecode.c.objc; path = "NSDictionary+NullObjects.m"; sourceTree = "<group>"; };
		97031C9E1C7A354F00678712 /* FMDateFormatter.h */ = {isa = PBXFileReference; fileEncoding = 4; lastKnownFileType = sourcecode.c.h; path = FMDateFormatter.h; sourceTree = "<group>"; };
		97031C9F1C7A354F00678712 /* FMDateFormatter.m */ = {isa = PBXFileReference; fileEncoding = 4; lastKnownFileType = sourcecode.c.objc; path = FMDateFormatter.m; sourceTree = "<group>"; };
		97031CA21C7A3E8900678712 /* AnimeTVCell.h */ = {isa = PBXFileReference; fileEncoding = 4; lastKnownFileType = sourcecode.c.h; path = AnimeTVCell.h; sourceTree = "<group>"; };
		97031CA31C7A3E8900678712 /* AnimeTVCell.m */ = {isa = PBXFileReference; fileEncoding = 4; lastKnownFileType = sourcecode.c.objc; path = AnimeTVCell.m; sourceTree = "<group>"; };
		97031CA51C7A3EBC00678712 /* AnimeTVCell.xib */ = {isa = PBXFileReference; fileEncoding = 4; lastKnownFileType = file.xib; path = AnimeTVCell.xib; sourceTree = "<group>"; };
		97031CA81C7AE27200678712 /* UIImageView+ImageDownload.h */ = {isa = PBXFileReference; fileEncoding = 4; lastKnownFileType = sourcecode.c.h; path = "UIImageView+ImageDownload.h"; sourceTree = "<group>"; };
		97031CA91C7AE27200678712 /* UIImageView+ImageDownload.m */ = {isa = PBXFileReference; fileEncoding = 4; lastKnownFileType = sourcecode.c.objc; path = "UIImageView+ImageDownload.m"; sourceTree = "<group>"; };
		978AA39B1C7B783A007334F3 /* AnimeDetailsVC.h */ = {isa = PBXFileReference; fileEncoding = 4; lastKnownFileType = sourcecode.c.h; path = AnimeDetailsVC.h; sourceTree = "<group>"; };
		978AA39C1C7B783A007334F3 /* AnimeDetailsVC.m */ = {isa = PBXFileReference; fileEncoding = 4; lastKnownFileType = sourcecode.c.objc; path = AnimeDetailsVC.m; sourceTree = "<group>"; };
		97F894231C890BEF00F73E9C /* KeychainWrapper.h */ = {isa = PBXFileReference; fileEncoding = 4; lastKnownFileType = sourcecode.c.h; path = KeychainWrapper.h; sourceTree = "<group>"; };
		97F894241C890BEF00F73E9C /* KeychainWrapper.m */ = {isa = PBXFileReference; fileEncoding = 4; lastKnownFileType = sourcecode.c.objc; path = KeychainWrapper.m; sourceTree = "<group>"; };
		97F894261C891AAF00F73E9C /* Story+CoreDataProperties.h */ = {isa = PBXFileReference; fileEncoding = 4; lastKnownFileType = sourcecode.c.h; path = "Story+CoreDataProperties.h"; sourceTree = "<group>"; };
		97F894271C891AAF00F73E9C /* Story+CoreDataProperties.m */ = {isa = PBXFileReference; fileEncoding = 4; lastKnownFileType = sourcecode.c.objc; path = "Story+CoreDataProperties.m"; sourceTree = "<group>"; };
		97F894281C891AAF00F73E9C /* Story.h */ = {isa = PBXFileReference; fileEncoding = 4; lastKnownFileType = sourcecode.c.h; path = Story.h; sourceTree = "<group>"; };
		97F894291C891AAF00F73E9C /* Story.m */ = {isa = PBXFileReference; fileEncoding = 4; lastKnownFileType = sourcecode.c.objc; path = Story.m; sourceTree = "<group>"; };
		97F8942A1C891AAF00F73E9C /* Substory+CoreDataProperties.h */ = {isa = PBXFileReference; fileEncoding = 4; lastKnownFileType = sourcecode.c.h; path = "Substory+CoreDataProperties.h"; sourceTree = "<group>"; };
		97F8942B1C891AAF00F73E9C /* Substory+CoreDataProperties.m */ = {isa = PBXFileReference; fileEncoding = 4; lastKnownFileType = sourcecode.c.objc; path = "Substory+CoreDataProperties.m"; sourceTree = "<group>"; };
		97F8942C1C891AAF00F73E9C /* Substory.h */ = {isa = PBXFileReference; fileEncoding = 4; lastKnownFileType = sourcecode.c.h; path = Substory.h; sourceTree = "<group>"; };
		97F8942D1C891AAF00F73E9C /* Substory.m */ = {isa = PBXFileReference; fileEncoding = 4; lastKnownFileType = sourcecode.c.objc; path = Substory.m; sourceTree = "<group>"; };
		97F8942E1C891AAF00F73E9C /* User+CoreDataProperties.h */ = {isa = PBXFileReference; fileEncoding = 4; lastKnownFileType = sourcecode.c.h; path = "User+CoreDataProperties.h"; sourceTree = "<group>"; };
		97F8942F1C891AAF00F73E9C /* User+CoreDataProperties.m */ = {isa = PBXFileReference; fileEncoding = 4; lastKnownFileType = sourcecode.c.objc; path = "User+CoreDataProperties.m"; sourceTree = "<group>"; };
		97F894301C891AAF00F73E9C /* User.h */ = {isa = PBXFileReference; fileEncoding = 4; lastKnownFileType = sourcecode.c.h; path = User.h; sourceTree = "<group>"; };
		97F894311C891AAF00F73E9C /* User.m */ = {isa = PBXFileReference; fileEncoding = 4; lastKnownFileType = sourcecode.c.objc; path = User.m; sourceTree = "<group>"; };
		97F894391C894A6B00F73E9C /* StoryHeaderView.h */ = {isa = PBXFileReference; fileEncoding = 4; lastKnownFileType = sourcecode.c.h; path = StoryHeaderView.h; sourceTree = "<group>"; };
		97F8943A1C894A6B00F73E9C /* StoryHeaderView.m */ = {isa = PBXFileReference; fileEncoding = 4; lastKnownFileType = sourcecode.c.objc; path = StoryHeaderView.m; sourceTree = "<group>"; };
		97F8943C1C894A7D00F73E9C /* StoryHeaderView.xib */ = {isa = PBXFileReference; fileEncoding = 4; lastKnownFileType = file.xib; path = StoryHeaderView.xib; sourceTree = "<group>"; };
/* End PBXFileReference section */

/* Begin PBXFrameworksBuildPhase section */
		97031C0C1C77AF9F00678712 /* Frameworks */ = {
			isa = PBXFrameworksBuildPhase;
			buildActionMask = 2147483647;
			files = (
			);
			runOnlyForDeploymentPostprocessing = 0;
		};
		97031C251C77AF9F00678712 /* Frameworks */ = {
			isa = PBXFrameworksBuildPhase;
			buildActionMask = 2147483647;
			files = (
			);
			runOnlyForDeploymentPostprocessing = 0;
		};
		97031C301C77AF9F00678712 /* Frameworks */ = {
			isa = PBXFrameworksBuildPhase;
			buildActionMask = 2147483647;
			files = (
			);
			runOnlyForDeploymentPostprocessing = 0;
		};
/* End PBXFrameworksBuildPhase section */

/* Begin PBXGroup section */
		97031C061C77AF9F00678712 = {
			isa = PBXGroup;
			children = (
				97031C111C77AF9F00678712 /* HummingBird */,
				97031C2B1C77AF9F00678712 /* HummingBirdTests */,
				97031C361C77AF9F00678712 /* HummingBirdUITests */,
				97031C101C77AF9F00678712 /* Products */,
			);
			sourceTree = "<group>";
		};
		97031C101C77AF9F00678712 /* Products */ = {
			isa = PBXGroup;
			children = (
				97031C0F1C77AF9F00678712 /* HummingBird.app */,
				97031C281C77AF9F00678712 /* HummingBirdTests.xctest */,
				97031C331C77AF9F00678712 /* HummingBirdUITests.xctest */,
			);
			name = Products;
			sourceTree = "<group>";
		};
		97031C111C77AF9F00678712 /* HummingBird */ = {
			isa = PBXGroup;
			children = (
				97031C451C77AFD900678712 /* Helpers */,
				97031C7D1C78F7EF00678712 /* Views */,
				97031C841C78FDFE00678712 /* Model */,
				97031C6A1C78D94900678712 /* Controllers */,
				97031C1B1C77AF9F00678712 /* Main.storyboard */,
				97031C1E1C77AF9F00678712 /* Assets.xcassets */,
				97031C201C77AF9F00678712 /* LaunchScreen.storyboard */,
				97031C231C77AF9F00678712 /* Info.plist */,
				97031C121C77AF9F00678712 /* Supporting Files */,
			);
			path = HummingBird;
			sourceTree = "<group>";
		};
		97031C121C77AF9F00678712 /* Supporting Files */ = {
			isa = PBXGroup;
			children = (
				97031C131C77AF9F00678712 /* main.m */,
			);
			name = "Supporting Files";
			sourceTree = "<group>";
		};
		97031C2B1C77AF9F00678712 /* HummingBirdTests */ = {
			isa = PBXGroup;
			children = (
				97031C2C1C77AF9F00678712 /* HummingBirdTests.m */,
				97031C2E1C77AF9F00678712 /* Info.plist */,
			);
			path = HummingBirdTests;
			sourceTree = "<group>";
		};
		97031C361C77AF9F00678712 /* HummingBirdUITests */ = {
			isa = PBXGroup;
			children = (
				97031C371C77AF9F00678712 /* HummingBirdUITests.m */,
				97031C391C77AF9F00678712 /* Info.plist */,
			);
			path = HummingBirdUITests;
			sourceTree = "<group>";
		};
		97031C451C77AFD900678712 /* Helpers */ = {
			isa = PBXGroup;
			children = (
				97F894221C890BDC00F73E9C /* Keychain */,
				97031C901C796D6700678712 /* Constants */,
				97031C661C77DB4D00678712 /* ImageHandling */,
				97031C5F1C77D95700678712 /* SearchBar */,
				97031C501C77B01900678712 /* AutoLayout */,
				97031C4C1C77AFEF00678712 /* Networking */,
				97031C781C78E7B400678712 /* Loading */,
				97031CA11C7A35B600678712 /* Formatting */,
			);
			name = Helpers;
			sourceTree = "<group>";
		};
		97031C4C1C77AFEF00678712 /* Networking */ = {
			isa = PBXGroup;
			children = (
				97031C461C77AFEA00678712 /* FMNetworkingClient.h */,
				97031C471C77AFEA00678712 /* FMNetworkingClient.m */,
				97031C481C77AFEA00678712 /* FMNetworkingErrorMessages.h */,
				97031C491C77AFEA00678712 /* FMNetworkingErrorMessages.m */,
				97031C9B1C7A33A900678712 /* NSDictionary+NullObjects.h */,
				97031C9C1C7A33A900678712 /* NSDictionary+NullObjects.m */,
				97031CA81C7AE27200678712 /* UIImageView+ImageDownload.h */,
				97031CA91C7AE27200678712 /* UIImageView+ImageDownload.m */,
			);
			name = Networking;
			sourceTree = "<group>";
		};
		97031C501C77B01900678712 /* AutoLayout */ = {
			isa = PBXGroup;
			children = (
				97031C4D1C77B01300678712 /* UIView+FMAutolayout.h */,
				97031C4E1C77B01300678712 /* UIView+FMAutolayout.m */,
			);
			name = AutoLayout;
			sourceTree = "<group>";
		};
		97031C5F1C77D95700678712 /* SearchBar */ = {
			isa = PBXGroup;
			children = (
				97031C601C77D99600678712 /* FMSearchBarTVC.h */,
				97031C611C77D99600678712 /* FMSearchBarTVC.m */,
			);
			name = SearchBar;
			sourceTree = "<group>";
		};
		97031C661C77DB4D00678712 /* ImageHandling */ = {
			isa = PBXGroup;
			children = (
				97031C671C77DB7100678712 /* UIImage+ImageEffects.h */,
				97031C681C77DB7100678712 /* UIImage+ImageEffects.m */,
				97031C631C77DB4500678712 /* FMImageCapturing.h */,
				97031C641C77DB4500678712 /* FMImageCapturing.m */,
			);
			name = ImageHandling;
			sourceTree = "<group>";
		};
		97031C6A1C78D94900678712 /* Controllers */ = {
			isa = PBXGroup;
			children = (
				97031C151C77AF9F00678712 /* AppDelegate.h */,
				97031C161C77AF9F00678712 /* AppDelegate.m */,
				97031C7C1C78F7E300678712 /* Search */,
				97031C821C78F9C100678712 /* Feed */,
				97031C831C78F9CF00678712 /* AnimeSearch */,
			);
			name = Controllers;
			sourceTree = "<group>";
		};
		97031C781C78E7B400678712 /* Loading */ = {
			isa = PBXGroup;
			children = (
				97031C751C78E7B000678712 /* UIViewController+Loading.h */,
				97031C761C78E7B000678712 /* UIViewController+Loading.m */,
			);
			name = Loading;
			sourceTree = "<group>";
		};
		97031C7C1C78F7E300678712 /* Search */ = {
			isa = PBXGroup;
			children = (
				97031C791C78F10400678712 /* FMSearchTVC.h */,
				97031C7A1C78F10400678712 /* FMSearchTVC.m */,
			);
			name = Search;
			sourceTree = "<group>";
		};
		97031C7D1C78F7EF00678712 /* Views */ = {
			isa = PBXGroup;
			children = (
				97F894381C894A5200F73E9C /* StoryHeader */,
				97031C7E1C78F80700678712 /* Search */,
			);
			name = Views;
			sourceTree = "<group>";
		};
		97031C7E1C78F80700678712 /* Search */ = {
			isa = PBXGroup;
			children = (
				97031CA31C7A3E8900678712 /* AnimeTVCell.m */,
				97031CA21C7A3E8900678712 /* AnimeTVCell.h */,
				97031CA51C7A3EBC00678712 /* AnimeTVCell.xib */,
				97031C7F1C78F81F00678712 /* FMEmptyResultsView.h */,
				97031C801C78F81F00678712 /* FMEmptyResultsView.m */,
			);
			name = Search;
			sourceTree = "<group>";
		};
		97031C821C78F9C100678712 /* Feed */ = {
			isa = PBXGroup;
			children = (
				97031C181C77AF9F00678712 /* FeedVC.h */,
				97031C191C77AF9F00678712 /* FeedVC.m */,
			);
			name = Feed;
			sourceTree = "<group>";
		};
		97031C831C78F9CF00678712 /* AnimeSearch */ = {
			isa = PBXGroup;
			children = (
				97031C6B1C78D97700678712 /* AnimeSearchVC.h */,
				97031C6C1C78D97700678712 /* AnimeSearchVC.m */,
				978AA39B1C7B783A007334F3 /* AnimeDetailsVC.h */,
				978AA39C1C7B783A007334F3 /* AnimeDetailsVC.m */,
			);
			name = AnimeSearch;
			sourceTree = "<group>";
		};
		97031C841C78FDFE00678712 /* Model */ = {
			isa = PBXGroup;
			children = (
				97031C8B1C796C5A00678712 /* Networking */,
				97031C8C1C796C6300678712 /* CoreData */,
			);
			name = Model;
			sourceTree = "<group>";
		};
		97031C8B1C796C5A00678712 /* Networking */ = {
			isa = PBXGroup;
			children = (
				97031C851C78FE5800678712 /* NetworkingCallsHelper.h */,
				97031C861C78FE5800678712 /* NetworkingCallsHelper.m */,
			);
			name = Networking;
			sourceTree = "<group>";
		};
		97031C8C1C796C6300678712 /* CoreData */ = {
			isa = PBXGroup;
			children = (
				97031C9A1C797FCE00678712 /* Entities */,
				97031C881C796C5100678712 /* CoreDataStack.h */,
				97031C891C796C5100678712 /* CoreDataStack.m */,
				97031C911C7974A900678712 /* Model.xcdatamodeld */,
			);
			name = CoreData;
			sourceTree = "<group>";
		};
		97031C901C796D6700678712 /* Constants */ = {
			isa = PBXGroup;
			children = (
				97031C541C77B5BB00678712 /* Constants.h */,
			);
			name = Constants;
			sourceTree = "<group>";
		};
		97031C9A1C797FCE00678712 /* Entities */ = {
			isa = PBXGroup;
			children = (
				97F894261C891AAF00F73E9C /* Story+CoreDataProperties.h */,
				97F894271C891AAF00F73E9C /* Story+CoreDataProperties.m */,
				97F894281C891AAF00F73E9C /* Story.h */,
				97F894291C891AAF00F73E9C /* Story.m */,
				97F8942A1C891AAF00F73E9C /* Substory+CoreDataProperties.h */,
				97F8942B1C891AAF00F73E9C /* Substory+CoreDataProperties.m */,
				97F8942C1C891AAF00F73E9C /* Substory.h */,
				97F8942D1C891AAF00F73E9C /* Substory.m */,
				97F8942E1C891AAF00F73E9C /* User+CoreDataProperties.h */,
				97F8942F1C891AAF00F73E9C /* User+CoreDataProperties.m */,
				97F894301C891AAF00F73E9C /* User.h */,
				97F894311C891AAF00F73E9C /* User.m */,
				97031C941C797FC400678712 /* Anime+CoreDataProperties.h */,
				97031C951C797FC400678712 /* Anime+CoreDataProperties.m */,
				97031C961C797FC400678712 /* Anime.h */,
				97031C971C797FC400678712 /* Anime.m */,
			);
			name = Entities;
			sourceTree = "<group>";
		};
		97031CA11C7A35B600678712 /* Formatting */ = {
			isa = PBXGroup;
			children = (
				97031C9E1C7A354F00678712 /* FMDateFormatter.h */,
				97031C9F1C7A354F00678712 /* FMDateFormatter.m */,
			);
			name = Formatting;
			sourceTree = "<group>";
		};
		97F894221C890BDC00F73E9C /* Keychain */ = {
			isa = PBXGroup;
			children = (
				97F894231C890BEF00F73E9C /* KeychainWrapper.h */,
				97F894241C890BEF00F73E9C /* KeychainWrapper.m */,
			);
			name = Keychain;
			sourceTree = "<group>";
		};
		97F894381C894A5200F73E9C /* StoryHeader */ = {
			isa = PBXGroup;
			children = (
				97F894391C894A6B00F73E9C /* StoryHeaderView.h */,
				97F8943A1C894A6B00F73E9C /* StoryHeaderView.m */,
				97F8943C1C894A7D00F73E9C /* StoryHeaderView.xib */,
			);
			name = StoryHeader;
			sourceTree = "<group>";
		};
/* End PBXGroup section */

/* Begin PBXNativeTarget section */
		97031C0E1C77AF9F00678712 /* HummingBird */ = {
			isa = PBXNativeTarget;
			buildConfigurationList = 97031C3C1C77AF9F00678712 /* Build configuration list for PBXNativeTarget "HummingBird" */;
			buildPhases = (
				97031C0B1C77AF9F00678712 /* Sources */,
				97031C0C1C77AF9F00678712 /* Frameworks */,
				97031C0D1C77AF9F00678712 /* Resources */,
			);
			buildRules = (
			);
			dependencies = (
			);
			name = HummingBird;
			productName = HummingBird;
			productReference = 97031C0F1C77AF9F00678712 /* HummingBird.app */;
			productType = "com.apple.product-type.application";
		};
		97031C271C77AF9F00678712 /* HummingBirdTests */ = {
			isa = PBXNativeTarget;
			buildConfigurationList = 97031C3F1C77AF9F00678712 /* Build configuration list for PBXNativeTarget "HummingBirdTests" */;
			buildPhases = (
				97031C241C77AF9F00678712 /* Sources */,
				97031C251C77AF9F00678712 /* Frameworks */,
				97031C261C77AF9F00678712 /* Resources */,
			);
			buildRules = (
			);
			dependencies = (
				97031C2A1C77AF9F00678712 /* PBXTargetDependency */,
			);
			name = HummingBirdTests;
			productName = HummingBirdTests;
			productReference = 97031C281C77AF9F00678712 /* HummingBirdTests.xctest */;
			productType = "com.apple.product-type.bundle.unit-test";
		};
		97031C321C77AF9F00678712 /* HummingBirdUITests */ = {
			isa = PBXNativeTarget;
			buildConfigurationList = 97031C421C77AF9F00678712 /* Build configuration list for PBXNativeTarget "HummingBirdUITests" */;
			buildPhases = (
				97031C2F1C77AF9F00678712 /* Sources */,
				97031C301C77AF9F00678712 /* Frameworks */,
				97031C311C77AF9F00678712 /* Resources */,
			);
			buildRules = (
			);
			dependencies = (
				97031C351C77AF9F00678712 /* PBXTargetDependency */,
			);
			name = HummingBirdUITests;
			productName = HummingBirdUITests;
			productReference = 97031C331C77AF9F00678712 /* HummingBirdUITests.xctest */;
			productType = "com.apple.product-type.bundle.ui-testing";
		};
/* End PBXNativeTarget section */

/* Begin PBXProject section */
		97031C071C77AF9F00678712 /* Project object */ = {
			isa = PBXProject;
			attributes = {
				LastUpgradeCheck = 0720;
				ORGANIZATIONNAME = franciscojma86;
				TargetAttributes = {
					97031C0E1C77AF9F00678712 = {
						CreatedOnToolsVersion = 7.2.1;
					};
					97031C271C77AF9F00678712 = {
						CreatedOnToolsVersion = 7.2.1;
						TestTargetID = 97031C0E1C77AF9F00678712;
					};
					97031C321C77AF9F00678712 = {
						CreatedOnToolsVersion = 7.2.1;
						TestTargetID = 97031C0E1C77AF9F00678712;
					};
				};
			};
			buildConfigurationList = 97031C0A1C77AF9F00678712 /* Build configuration list for PBXProject "HummingBird" */;
			compatibilityVersion = "Xcode 3.2";
			developmentRegion = English;
			hasScannedForEncodings = 0;
			knownRegions = (
				en,
				Base,
			);
			mainGroup = 97031C061C77AF9F00678712;
			productRefGroup = 97031C101C77AF9F00678712 /* Products */;
			projectDirPath = "";
			projectRoot = "";
			targets = (
				97031C0E1C77AF9F00678712 /* HummingBird */,
				97031C271C77AF9F00678712 /* HummingBirdTests */,
				97031C321C77AF9F00678712 /* HummingBirdUITests */,
			);
		};
/* End PBXProject section */

/* Begin PBXResourcesBuildPhase section */
		97031C0D1C77AF9F00678712 /* Resources */ = {
			isa = PBXResourcesBuildPhase;
			buildActionMask = 2147483647;
			files = (
				97F8943D1C894A7D00F73E9C /* StoryHeaderView.xib in Resources */,
				97031CA61C7A3EBC00678712 /* AnimeTVCell.xib in Resources */,
				97031C221C77AF9F00678712 /* LaunchScreen.storyboard in Resources */,
				97031C1F1C77AF9F00678712 /* Assets.xcassets in Resources */,
				97031C1D1C77AF9F00678712 /* Main.storyboard in Resources */,
			);
			runOnlyForDeploymentPostprocessing = 0;
		};
		97031C261C77AF9F00678712 /* Resources */ = {
			isa = PBXResourcesBuildPhase;
			buildActionMask = 2147483647;
			files = (
			);
			runOnlyForDeploymentPostprocessing = 0;
		};
		97031C311C77AF9F00678712 /* Resources */ = {
			isa = PBXResourcesBuildPhase;
			buildActionMask = 2147483647;
			files = (
			);
			runOnlyForDeploymentPostprocessing = 0;
		};
/* End PBXResourcesBuildPhase section */

/* Begin PBXSourcesBuildPhase section */
		97031C0B1C77AF9F00678712 /* Sources */ = {
			isa = PBXSourcesBuildPhase;
			buildActionMask = 2147483647;
			files = (
				97031C981C797FC400678712 /* Anime+CoreDataProperties.m in Sources */,
				97031CAA1C7AE27200678712 /* UIImageView+ImageDownload.m in Sources */,
				97031C4A1C77AFEA00678712 /* FMNetworkingClient.m in Sources */,
				97031CA01C7A354F00678712 /* FMDateFormatter.m in Sources */,
				97031C621C77D99700678712 /* FMSearchBarTVC.m in Sources */,
				97F8943B1C894A6B00F73E9C /* StoryHeaderView.m in Sources */,
				97031C7B1C78F10400678712 /* FMSearchTVC.m in Sources */,
				97031C9D1C7A33A900678712 /* NSDictionary+NullObjects.m in Sources */,
				97031C8A1C796C5100678712 /* CoreDataStack.m in Sources */,
				97031C1A1C77AF9F00678712 /* FeedVC.m in Sources */,
				97031C651C77DB4500678712 /* FMImageCapturing.m in Sources */,
				97031C871C78FE5800678712 /* NetworkingCallsHelper.m in Sources */,
				97031C691C77DB7100678712 /* UIImage+ImageEffects.m in Sources */,
				978AA39D1C7B783A007334F3 /* AnimeDetailsVC.m in Sources */,
				97031C931C7974A900678712 /* Model.xcdatamodeld in Sources */,
				97F894361C891AAF00F73E9C /* User+CoreDataProperties.m in Sources */,
				97031C171C77AF9F00678712 /* AppDelegate.m in Sources */,
				97031C141C77AF9F00678712 /* main.m in Sources */,
				97031CA41C7A3E8900678712 /* AnimeTVCell.m in Sources */,
				97F894331C891AAF00F73E9C /* Story.m in Sources */,
				97F894321C891AAF00F73E9C /* Story+CoreDataProperties.m in Sources */,
				97F894371C891AAF00F73E9C /* User.m in Sources */,
				97031C6D1C78D97700678712 /* AnimeSearchVC.m in Sources */,
				97031C4B1C77AFEA00678712 /* FMNetworkingErrorMessages.m in Sources */,
				97031C811C78F81F00678712 /* FMEmptyResultsView.m in Sources */,
				97F894341C891AAF00F73E9C /* Substory+CoreDataProperties.m in Sources */,
				97031C4F1C77B01300678712 /* UIView+FMAutolayout.m in Sources */,
				97F894351C891AAF00F73E9C /* Substory.m in Sources */,
				97031C991C797FC400678712 /* Anime.m in Sources */,
				97031C771C78E7B000678712 /* UIViewController+Loading.m in Sources */,
				97F894251C890BEF00F73E9C /* KeychainWrapper.m in Sources */,
			);
			runOnlyForDeploymentPostprocessing = 0;
		};
		97031C241C77AF9F00678712 /* Sources */ = {
			isa = PBXSourcesBuildPhase;
			buildActionMask = 2147483647;
			files = (
				97031C2D1C77AF9F00678712 /* HummingBirdTests.m in Sources */,
			);
			runOnlyForDeploymentPostprocessing = 0;
		};
		97031C2F1C77AF9F00678712 /* Sources */ = {
			isa = PBXSourcesBuildPhase;
			buildActionMask = 2147483647;
			files = (
				97031C381C77AF9F00678712 /* HummingBirdUITests.m in Sources */,
			);
			runOnlyForDeploymentPostprocessing = 0;
		};
/* End PBXSourcesBuildPhase section */

/* Begin PBXTargetDependency section */
		97031C2A1C77AF9F00678712 /* PBXTargetDependency */ = {
			isa = PBXTargetDependency;
			target = 97031C0E1C77AF9F00678712 /* HummingBird */;
			targetProxy = 97031C291C77AF9F00678712 /* PBXContainerItemProxy */;
		};
		97031C351C77AF9F00678712 /* PBXTargetDependency */ = {
			isa = PBXTargetDependency;
			target = 97031C0E1C77AF9F00678712 /* HummingBird */;
			targetProxy = 97031C341C77AF9F00678712 /* PBXContainerItemProxy */;
		};
/* End PBXTargetDependency section */

/* Begin PBXVariantGroup section */
		97031C1B1C77AF9F00678712 /* Main.storyboard */ = {
			isa = PBXVariantGroup;
			children = (
				97031C1C1C77AF9F00678712 /* Base */,
			);
			name = Main.storyboard;
			sourceTree = "<group>";
		};
		97031C201C77AF9F00678712 /* LaunchScreen.storyboard */ = {
			isa = PBXVariantGroup;
			children = (
				97031C211C77AF9F00678712 /* Base */,
			);
			name = LaunchScreen.storyboard;
			sourceTree = "<group>";
		};
/* End PBXVariantGroup section */

/* Begin XCBuildConfiguration section */
		97031C3A1C77AF9F00678712 /* Debug */ = {
			isa = XCBuildConfiguration;
			buildSettings = {
				ALWAYS_SEARCH_USER_PATHS = NO;
				CLANG_CXX_LANGUAGE_STANDARD = "gnu++0x";
				CLANG_CXX_LIBRARY = "libc++";
				CLANG_ENABLE_MODULES = YES;
				CLANG_ENABLE_OBJC_ARC = YES;
				CLANG_WARN_BOOL_CONVERSION = YES;
				CLANG_WARN_CONSTANT_CONVERSION = YES;
				CLANG_WARN_DIRECT_OBJC_ISA_USAGE = YES_ERROR;
				CLANG_WARN_EMPTY_BODY = YES;
				CLANG_WARN_ENUM_CONVERSION = YES;
				CLANG_WARN_INT_CONVERSION = YES;
				CLANG_WARN_OBJC_ROOT_CLASS = YES_ERROR;
				CLANG_WARN_UNREACHABLE_CODE = YES;
				CLANG_WARN__DUPLICATE_METHOD_MATCH = YES;
				"CODE_SIGN_IDENTITY[sdk=iphoneos*]" = "iPhone Developer";
				COPY_PHASE_STRIP = NO;
				DEBUG_INFORMATION_FORMAT = dwarf;
				ENABLE_STRICT_OBJC_MSGSEND = YES;
				ENABLE_TESTABILITY = YES;
				GCC_C_LANGUAGE_STANDARD = gnu99;
				GCC_DYNAMIC_NO_PIC = NO;
				GCC_NO_COMMON_BLOCKS = YES;
				GCC_OPTIMIZATION_LEVEL = 0;
				GCC_PREPROCESSOR_DEFINITIONS = (
					"DEBUG=1",
					"$(inherited)",
				);
				GCC_WARN_64_TO_32_BIT_CONVERSION = YES;
				GCC_WARN_ABOUT_RETURN_TYPE = YES_ERROR;
				GCC_WARN_UNDECLARED_SELECTOR = YES;
				GCC_WARN_UNINITIALIZED_AUTOS = YES_AGGRESSIVE;
				GCC_WARN_UNUSED_FUNCTION = YES;
				GCC_WARN_UNUSED_VARIABLE = YES;
				IPHONEOS_DEPLOYMENT_TARGET = 9.2;
				MTL_ENABLE_DEBUG_INFO = YES;
				ONLY_ACTIVE_ARCH = YES;
				SDKROOT = iphoneos;
				TARGETED_DEVICE_FAMILY = "1,2";
			};
			name = Debug;
		};
		97031C3B1C77AF9F00678712 /* Release */ = {
			isa = XCBuildConfiguration;
			buildSettings = {
				ALWAYS_SEARCH_USER_PATHS = NO;
				CLANG_CXX_LANGUAGE_STANDARD = "gnu++0x";
				CLANG_CXX_LIBRARY = "libc++";
				CLANG_ENABLE_MODULES = YES;
				CLANG_ENABLE_OBJC_ARC = YES;
				CLANG_WARN_BOOL_CONVERSION = YES;
				CLANG_WARN_CONSTANT_CONVERSION = YES;
				CLANG_WARN_DIRECT_OBJC_ISA_USAGE = YES_ERROR;
				CLANG_WARN_EMPTY_BODY = YES;
				CLANG_WARN_ENUM_CONVERSION = YES;
				CLANG_WARN_INT_CONVERSION = YES;
				CLANG_WARN_OBJC_ROOT_CLASS = YES_ERROR;
				CLANG_WARN_UNREACHABLE_CODE = YES;
				CLANG_WARN__DUPLICATE_METHOD_MATCH = YES;
				"CODE_SIGN_IDENTITY[sdk=iphoneos*]" = "iPhone Developer";
				COPY_PHASE_STRIP = NO;
				DEBUG_INFORMATION_FORMAT = "dwarf-with-dsym";
				ENABLE_NS_ASSERTIONS = NO;
				ENABLE_STRICT_OBJC_MSGSEND = YES;
				GCC_C_LANGUAGE_STANDARD = gnu99;
				GCC_NO_COMMON_BLOCKS = YES;
				GCC_WARN_64_TO_32_BIT_CONVERSION = YES;
				GCC_WARN_ABOUT_RETURN_TYPE = YES_ERROR;
				GCC_WARN_UNDECLARED_SELECTOR = YES;
				GCC_WARN_UNINITIALIZED_AUTOS = YES_AGGRESSIVE;
				GCC_WARN_UNUSED_FUNCTION = YES;
				GCC_WARN_UNUSED_VARIABLE = YES;
				IPHONEOS_DEPLOYMENT_TARGET = 9.2;
				MTL_ENABLE_DEBUG_INFO = NO;
				SDKROOT = iphoneos;
				TARGETED_DEVICE_FAMILY = "1,2";
				VALIDATE_PRODUCT = YES;
			};
			name = Release;
		};
		97031C3D1C77AF9F00678712 /* Debug */ = {
			isa = XCBuildConfiguration;
			buildSettings = {
				ASSETCATALOG_COMPILER_APPICON_NAME = AppIcon;
				"CODE_SIGN_IDENTITY[sdk=iphoneos*]" = "iPhone Developer: Francisco Magdaleno Arceo (BZ576XHWKS)";
				INFOPLIST_FILE = HummingBird/Info.plist;
				LD_RUNPATH_SEARCH_PATHS = "$(inherited) @executable_path/Frameworks";
				PRODUCT_BUNDLE_IDENTIFIER = com.franciscojma86.HummingBird;
				PRODUCT_NAME = "$(TARGET_NAME)";
				PROVISIONING_PROFILE = "e77fa408-dd23-4d5f-80ec-8f2abdee30d0";
			};
			name = Debug;
		};
		97031C3E1C77AF9F00678712 /* Release */ = {
			isa = XCBuildConfiguration;
			buildSettings = {
				ASSETCATALOG_COMPILER_APPICON_NAME = AppIcon;
				INFOPLIST_FILE = HummingBird/Info.plist;
				LD_RUNPATH_SEARCH_PATHS = "$(inherited) @executable_path/Frameworks";
				PRODUCT_BUNDLE_IDENTIFIER = com.franciscojma86.HummingBird;
				PRODUCT_NAME = "$(TARGET_NAME)";
				PROVISIONING_PROFILE = "e77fa408-dd23-4d5f-80ec-8f2abdee30d0";
			};
			name = Release;
		};
		97031C401C77AF9F00678712 /* Debug */ = {
			isa = XCBuildConfiguration;
			buildSettings = {
				BUNDLE_LOADER = "$(TEST_HOST)";
				INFOPLIST_FILE = HummingBirdTests/Info.plist;
				LD_RUNPATH_SEARCH_PATHS = "$(inherited) @executable_path/Frameworks @loader_path/Frameworks";
				PRODUCT_BUNDLE_IDENTIFIER = com.franciscojma86.HummingBirdTests;
				PRODUCT_NAME = "$(TARGET_NAME)";
				TEST_HOST = "$(BUILT_PRODUCTS_DIR)/HummingBird.app/HummingBird";
			};
			name = Debug;
		};
		97031C411C77AF9F00678712 /* Release */ = {
			isa = XCBuildConfiguration;
			buildSettings = {
				BUNDLE_LOADER = "$(TEST_HOST)";
				INFOPLIST_FILE = HummingBirdTests/Info.plist;
				LD_RUNPATH_SEARCH_PATHS = "$(inherited) @executable_path/Frameworks @loader_path/Frameworks";
				PRODUCT_BUNDLE_IDENTIFIER = com.franciscojma86.HummingBirdTests;
				PRODUCT_NAME = "$(TARGET_NAME)";
				TEST_HOST = "$(BUILT_PRODUCTS_DIR)/HummingBird.app/HummingBird";
			};
			name = Release;
		};
		97031C431C77AF9F00678712 /* Debug */ = {
			isa = XCBuildConfiguration;
			buildSettings = {
				INFOPLIST_FILE = HummingBirdUITests/Info.plist;
				LD_RUNPATH_SEARCH_PATHS = "$(inherited) @executable_path/Frameworks @loader_path/Frameworks";
				PRODUCT_BUNDLE_IDENTIFIER = com.franciscojma86.HummingBirdUITests;
				PRODUCT_NAME = "$(TARGET_NAME)";
				TEST_TARGET_NAME = HummingBird;
				USES_XCTRUNNER = YES;
			};
			name = Debug;
		};
		97031C441C77AF9F00678712 /* Release */ = {
			isa = XCBuildConfiguration;
			buildSettings = {
				INFOPLIST_FILE = HummingBirdUITests/Info.plist;
				LD_RUNPATH_SEARCH_PATHS = "$(inherited) @executable_path/Frameworks @loader_path/Frameworks";
				PRODUCT_BUNDLE_IDENTIFIER = com.franciscojma86.HummingBirdUITests;
				PRODUCT_NAME = "$(TARGET_NAME)";
				TEST_TARGET_NAME = HummingBird;
				USES_XCTRUNNER = YES;
			};
			name = Release;
		};
/* End XCBuildConfiguration section */

/* Begin XCConfigurationList section */
		97031C0A1C77AF9F00678712 /* Build configuration list for PBXProject "HummingBird" */ = {
			isa = XCConfigurationList;
			buildConfigurations = (
				97031C3A1C77AF9F00678712 /* Debug */,
				97031C3B1C77AF9F00678712 /* Release */,
			);
			defaultConfigurationIsVisible = 0;
			defaultConfigurationName = Release;
		};
		97031C3C1C77AF9F00678712 /* Build configuration list for PBXNativeTarget "HummingBird" */ = {
			isa = XCConfigurationList;
			buildConfigurations = (
				97031C3D1C77AF9F00678712 /* Debug */,
				97031C3E1C77AF9F00678712 /* Release */,
			);
			defaultConfigurationIsVisible = 0;
			defaultConfigurationName = Release;
		};
		97031C3F1C77AF9F00678712 /* Build configuration list for PBXNativeTarget "HummingBirdTests" */ = {
			isa = XCConfigurationList;
			buildConfigurations = (
				97031C401C77AF9F00678712 /* Debug */,
				97031C411C77AF9F00678712 /* Release */,
			);
			defaultConfigurationIsVisible = 0;
			defaultConfigurationName = Release;
		};
		97031C421C77AF9F00678712 /* Build configuration list for PBXNativeTarget "HummingBirdUITests" */ = {
			isa = XCConfigurationList;
			buildConfigurations = (
				97031C431C77AF9F00678712 /* Debug */,
				97031C441C77AF9F00678712 /* Release */,
			);
			defaultConfigurationIsVisible = 0;
			defaultConfigurationName = Release;
		};
/* End XCConfigurationList section */

/* Begin XCVersionGroup section */
		97031C911C7974A900678712 /* Model.xcdatamodeld */ = {
			isa = XCVersionGroup;
			children = (
				97031C921C7974A900678712 /* Model.xcdatamodel */,
			);
			currentVersion = 97031C921C7974A900678712 /* Model.xcdatamodel */;
			path = Model.xcdatamodeld;
			sourceTree = "<group>";
			versionGroupType = wrapper.xcdatamodel;
		};
/* End XCVersionGroup section */
	};
	rootObject = 97031C071C77AF9F00678712 /* Project object */;
}
